// !$*UTF8*$!
{ archiveVersion = 1; classes = {}; objectVersion = 56; objects = {
370053F2180D8178DB2566AC = { isa = PBXBuildFile; fileRef = 959F0760A1769DCCBCC71188; };
2662A2976F766F8858F1A54C = { isa = PBXBuildFile; fileRef = 959F0760A1769DCCBCC71188; };
EE61AB6BD49D92A9C1F1AC99 = { isa = PBXBuildFile; fileRef = 959F0760A1769DCCBCC71188; };
959F0760A1769DCCBCC71188 = { isa = PBXFileReference; lastKnownFileType = sourcecode.swift; path = "App/MobileListeningViews.swift"; sourceTree = "<group>"; };
03CB90875A6675FC46C1BC71 = { isa = PBXBuildFile; fileRef = A2E2BE5DC234EDEF84F0449A; };
C0783CF1AC36F0DD260616BA = { isa = PBXBuildFile; fileRef = A2E2BE5DC234EDEF84F0449A; };
3CC1117B9BF52E8F62910ED0 = { isa = PBXBuildFile; fileRef = A2E2BE5DC234EDEF84F0449A; };
A2E2BE5DC234EDEF84F0449A = { isa = PBXFileReference; lastKnownFileType = sourcecode.swift; path = "App/OfflineLibrary.swift"; sourceTree = "<group>"; };
44F1ED98283B4B1382C7F401 = { isa = PBXFileReference; lastKnownFileType = sourcecode.swift; path = "App/PlaylistViews.swift"; sourceTree = "<group>"; };
0135BFE424CB4847BE44585F = { isa = PBXBuildFile; fileRef = 44F1ED98283B4B1382C7F401; };
76D27A36288F4D8596EED9F8 = { isa = PBXBuildFile; fileRef = 44F1ED98283B4B1382C7F401; };
13D200394C374D219A714F05 = { isa = PBXBuildFile; fileRef = 44F1ED98283B4B1382C7F401; };

8F1C748CDB6C92518133D45F = { isa = PBXBuildFile; fileRef = 744962DEE1B10000CF9856A6; };
2485587B3627B04CD9E8FC47 = { isa = PBXBuildFile; fileRef = 744962DEE1B10000CF9856A6; };
CAAE1DFC7BEDFB4368910AB9 = { isa = PBXBuildFile; fileRef = 744962DEE1B10000CF9856A6; };
744962DEE1B10000CF9856A6 = { isa = PBXFileReference; lastKnownFileType = sourcecode.swift; path = "App/AudioSettingsViews.swift"; sourceTree = "<group>"; };
3AACB515D83C1AE1C53054BF = { isa = PBXBuildFile; fileRef = EA291E2D1F369DCA8EFC62EF; };
1E24A961A233AB5D89EC50CA = { isa = PBXBuildFile; fileRef = EA291E2D1F369DCA8EFC62EF; };
740344E170374916D922B42E = { isa = PBXBuildFile; fileRef = EA291E2D1F369DCA8EFC62EF; };
EA291E2D1F369DCA8EFC62EF = { isa = PBXFileReference; lastKnownFileType = sourcecode.swift; path = "App/ArtworkPalette.swift"; sourceTree = "<group>"; };
EE0AF0E60B61C93BAA809782 = { isa = PBXBuildFile; fileRef = 620E6031BB7DD181812421A7; };
62B6B0E4DFD831D5C2EEC121 = { isa = PBXBuildFile; fileRef = 620E6031BB7DD181812421A7; };
A4269DC16ABCC34BA9870AFD = { isa = PBXBuildFile; fileRef = 620E6031BB7DD181812421A7; };
620E6031BB7DD181812421A7 = { isa = PBXFileReference; lastKnownFileType = sourcecode.swift; path = "App/Equalizer.swift"; sourceTree = "<group>"; };
37FC0B1AEC0AAD733B1AC3BC = { isa = PBXFileReference; lastKnownFileType = sourcecode.swift; path = "App/DesktopHomeView.swift"; sourceTree = "<group>"; };
49B7F7E2E222CCAC6D10C153 = { isa = PBXFileReference; lastKnownFileType = sourcecode.swift; path = "App/ListeningHistory.swift"; sourceTree = "<group>"; };
E70CE7A1674858769B40B132 = { isa = PBXFileReference; lastKnownFileType = sourcecode.swift; path = "App/Appearance.swift"; sourceTree = "<group>"; };
AC699F7E2CE7ABF0DB5A87F4 = { isa = PBXFileReference; lastKnownFileType = sourcecode.swift; path = "App/DesktopViews.swift"; sourceTree = "<group>"; };
795A02A63DC9C1E86758E98F = { isa = PBXFileReference; lastKnownFileType = folder.assetcatalog; path = Resources/Assets.xcassets; sourceTree = "<group>"; };
22867D679C598127733517DE = { isa = PBXFileReference; lastKnownFileType = sourcecode.swift; path = "App/APIClient.swift"; sourceTree = "<group>"; };
92BA7450AEBAE769EE19F1E5 = { isa = PBXFileReference; lastKnownFileType = sourcecode.swift; path = "App/AppModel.swift"; sourceTree = "<group>"; };
466ADF699CF18AC8FD831FE5 = { isa = PBXFileReference; lastKnownFileType = sourcecode.swift; path = "App/PlayerModel.swift"; sourceTree = "<group>"; };
26F271723529796094AFED26 = { isa = PBXFileReference; lastKnownFileType = sourcecode.swift; path = "App/SessionVault.swift"; sourceTree = "<group>"; };
34C7C1581C719F5B24F96895 = { isa = PBXFileReference; lastKnownFileType = sourcecode.swift; path = "App/SettingsViews.swift"; sourceTree = "<group>"; };
1FDF111DD19165151D6E559C = { isa = PBXFileReference; lastKnownFileType = sourcecode.swift; path = "App/Views.swift"; sourceTree = "<group>"; };
BF71AE3927A3C6A766974B0C = { isa = PBXFileReference; lastKnownFileType = sourcecode.swift; path = "App/YTMDLApp.swift"; sourceTree = "<group>"; };
A4CC6BC01A927E2A78FD3BEC = { isa = PBXFileReference; lastKnownFileType = text.xml; path = Resources/PrivacyInfo.xcprivacy; sourceTree = "<group>"; };
BC4A71180870F7945155FBB0 = { isa = XCLocalSwiftPackageReference; relativePath = "."; };
35705B987FED4C9A217E2A90 = { isa = PBXFileReference; explicitFileType = wrapper.application; path = "YTMDL-iOS.app"; sourceTree = BUILT_PRODUCTS_DIR; };
77D71D55C1C35EE26387F026 = { isa = PBXBuildFile; fileRef = 22867D679C598127733517DE; };
B65F5D7E05239A0C6B422407 = { isa = PBXBuildFile; fileRef = 92BA7450AEBAE769EE19F1E5; };
77B0046BA540BBEAC4468CA2 = { isa = PBXBuildFile; fileRef = 466ADF699CF18AC8FD831FE5; };
3F8B1602F8532927F537E633 = { isa = PBXBuildFile; fileRef = 26F271723529796094AFED26; };
C4172F9CD1F416E07ABC12ED = { isa = PBXBuildFile; fileRef = 34C7C1581C719F5B24F96895; };
FB8BDDC5571A357E383FBEEC = { isa = PBXBuildFile; fileRef = 1FDF111DD19165151D6E559C; };
86C5D5AB1AC60CB697DE8784 = { isa = PBXBuildFile; fileRef = 37FC0B1AEC0AAD733B1AC3BC; };
3BE280EA2389047230084C7A = { isa = PBXBuildFile; fileRef = 49B7F7E2E222CCAC6D10C153; };
4FD19CB9E189913A33BD3BD0 = { isa = PBXBuildFile; fileRef = E70CE7A1674858769B40B132; };
D64C67909B56EEB3D79A6A60 = { isa = PBXBuildFile; fileRef = AC699F7E2CE7ABF0DB5A87F4; };
436915702258A20931EB5421 = { isa = PBXBuildFile; fileRef = BF71AE3927A3C6A766974B0C; };
95D6643941335A0849509363 = { isa = PBXSourcesBuildPhase; buildActionMask = 2147483647; files = (EE61AB6BD49D92A9C1F1AC99,3CC1117B9BF52E8F62910ED0,0135BFE424CB4847BE44585F,8F1C748CDB6C92518133D45F,3AACB515D83C1AE1C53054BF,EE0AF0E60B61C93BAA809782,77D71D55C1C35EE26387F026,B65F5D7E05239A0C6B422407,77B0046BA540BBEAC4468CA2,3F8B1602F8532927F537E633,C4172F9CD1F416E07ABC12ED,FB8BDDC5571A357E383FBEEC,86C5D5AB1AC60CB697DE8784,3BE280EA2389047230084C7A,4FD19CB9E189913A33BD3BD0,D64C67909B56EEB3D79A6A60,436915702258A20931EB5421); runOnlyForDeploymentPostprocessing = 0; };
3B183D2A5882A77971D5A4D9 = { isa = XCSwiftPackageProductDependency; package = BC4A71180870F7945155FBB0; productName = YTMDLCore; };
6B026CE4FD33430EB9FB6A20 = { isa = PBXBuildFile; productRef = 3B183D2A5882A77971D5A4D9; };
5B4BA54C8F5D77A882E9834A = { isa = PBXFrameworksBuildPhase; buildActionMask = 2147483647; files = (6B026CE4FD33430EB9FB6A20); runOnlyForDeploymentPostprocessing = 0; };
DBC89496F9C7B3BE3077CE39 = { isa = PBXBuildFile; fileRef = A4CC6BC01A927E2A78FD3BEC; };
019BC153DE4A1240F09C8D14 = { isa = PBXBuildFile; fileRef = 795A02A63DC9C1E86758E98F; };
C906716BCBDB4984859D5138 = { isa = PBXResourcesBuildPhase; buildActionMask = 2147483647; files = (019BC153DE4A1240F09C8D14,DBC89496F9C7B3BE3077CE39); runOnlyForDeploymentPostprocessing = 0; };
46762C776E0582C3B958C8E9 = { isa = XCBuildConfiguration; name = Debug; buildSettings = { ONLY_ACTIVE_ARCH = YES; PRODUCT_NAME = "YTMDL-iOS"; PRODUCT_BUNDLE_IDENTIFIER = "org.ytmdl.player.ios"; ASSETCATALOG_COMPILER_APPICON_NAME = "AppIcon"; INFOPLIST_FILE = "Resources/Info.plist"; GENERATE_INFOPLIST_FILE = "NO"; SWIFT_VERSION = "6.0"; SDKROOT = "iphoneos"; CODE_SIGN_STYLE = "Automatic"; ENABLE_HARDENED_RUNTIME = "YES"; SWIFT_STRICT_CONCURRENCY = "complete"; SWIFT_EMIT_LOC_STRINGS = "YES"; CLANG_ENABLE_MODULES = "YES"; ASSETCATALOG_COMPILER_GENERATE_SWIFT_ASSET_SYMBOL_EXTENSIONS = "YES"; ENABLE_PREVIEWS = "YES"; SUPPORTED_PLATFORMS = "iphoneos iphonesimulator"; IPHONEOS_DEPLOYMENT_TARGET = "27.0"; TARGETED_DEVICE_FAMILY = "1,2"; SUPPORTS_MACCATALYST = "NO"; SWIFT_ACTIVE_COMPILATION_CONDITIONS = "DEBUG"; SWIFT_OPTIMIZATION_LEVEL = "-Onone";}; };
96A6AC128D347087091C4DBC = { isa = XCBuildConfiguration; name = Release; buildSettings = {PRODUCT_NAME = "YTMDL-iOS"; PRODUCT_BUNDLE_IDENTIFIER = "org.ytmdl.player.ios"; ASSETCATALOG_COMPILER_APPICON_NAME = "AppIcon"; INFOPLIST_FILE = "Resources/Info.plist"; GENERATE_INFOPLIST_FILE = "NO"; SWIFT_VERSION = "6.0"; SDKROOT = "iphoneos"; CODE_SIGN_STYLE = "Automatic"; ENABLE_HARDENED_RUNTIME = "YES"; SWIFT_STRICT_CONCURRENCY = "complete"; SWIFT_EMIT_LOC_STRINGS = "YES"; CLANG_ENABLE_MODULES = "YES"; ASSETCATALOG_COMPILER_GENERATE_SWIFT_ASSET_SYMBOL_EXTENSIONS = "YES"; ENABLE_PREVIEWS = "YES"; SUPPORTED_PLATFORMS = "iphoneos iphonesimulator"; IPHONEOS_DEPLOYMENT_TARGET = "27.0"; TARGETED_DEVICE_FAMILY = "1,2"; SUPPORTS_MACCATALYST = "NO"; SWIFT_OPTIMIZATION_LEVEL = "-O"; SWIFT_COMPILATION_MODE = "wholemodule";}; };
458559A65A34C0B2C57244EA = { isa = XCConfigurationList; buildConfigurations = (46762C776E0582C3B958C8E9,96A6AC128D347087091C4DBC); defaultConfigurationIsVisible = 0; defaultConfigurationName = Release; };
3D03E734655F7F2EBA72DE54 = { isa = PBXNativeTarget; name = "YTMDL-iOS"; buildConfigurationList = 458559A65A34C0B2C57244EA; buildPhases = (95D6643941335A0849509363,5B4BA54C8F5D77A882E9834A,C906716BCBDB4984859D5138); buildRules = (); dependencies = (); packageProductDependencies = (3B183D2A5882A77971D5A4D9); productName = "YTMDL-iOS"; productReference = 35705B987FED4C9A217E2A90; productType = "com.apple.product-type.application"; };
77EA0B24816ACD0A2B1DE171 = { isa = PBXFileReference; explicitFileType = wrapper.application; path = "YTMDL-macOS.app"; sourceTree = BUILT_PRODUCTS_DIR; };
29CE70BF7F564A1679C1BCFF = { isa = PBXBuildFile; fileRef = 22867D679C598127733517DE; };
6A7037D1926D5AC4F7FEF61B = { isa = PBXBuildFile; fileRef = 92BA7450AEBAE769EE19F1E5; };
4FF72D57368C1E72832DD137 = { isa = PBXBuildFile; fileRef = 466ADF699CF18AC8FD831FE5; };
857C9B9CC649591A41FC9AB1 = { isa = PBXBuildFile; fileRef = 26F271723529796094AFED26; };
EC682846DFE5E876E3C9473C = { isa = PBXBuildFile; fileRef = 34C7C1581C719F5B24F96895; };
CCDAF3F3B8928B03B163110D = { isa = PBXBuildFile; fileRef = 1FDF111DD19165151D6E559C; };
C8E08227F91156646AE6E6A0 = { isa = PBXBuildFile; fileRef = 37FC0B1AEC0AAD733B1AC3BC; };
4C89421DB66F15F1A5094930 = { isa = PBXBuildFile; fileRef = 49B7F7E2E222CCAC6D10C153; };
75AB7EAAF9B5C340FADF0E35 = { isa = PBXBuildFile; fileRef = E70CE7A1674858769B40B132; };
4C172CF9F1AE2EFEB03F87B4 = { isa = PBXBuildFile; fileRef = AC699F7E2CE7ABF0DB5A87F4; };
49CC0CD32CCF9704242B25A8 = { isa = PBXBuildFile; fileRef = BF71AE3927A3C6A766974B0C; };
B7C1C2EC7D55F3E95325DAEC = { isa = PBXSourcesBuildPhase; buildActionMask = 2147483647; files = (2662A2976F766F8858F1A54C,C0783CF1AC36F0DD260616BA,76D27A36288F4D8596EED9F8,2485587B3627B04CD9E8FC47,1E24A961A233AB5D89EC50CA,62B6B0E4DFD831D5C2EEC121,29CE70BF7F564A1679C1BCFF,6A7037D1926D5AC4F7FEF61B,4FF72D57368C1E72832DD137,857C9B9CC649591A41FC9AB1,EC682846DFE5E876E3C9473C,CCDAF3F3B8928B03B163110D,C8E08227F91156646AE6E6A0,4C89421DB66F15F1A5094930,75AB7EAAF9B5C340FADF0E35,4C172CF9F1AE2EFEB03F87B4,49CC0CD32CCF9704242B25A8); runOnlyForDeploymentPostprocessing = 0; };
2026EAEED7BB859FAAB5928C = { isa = XCSwiftPackageProductDependency; package = BC4A71180870F7945155FBB0; productName = YTMDLCore; };
E58189F87A102DD7DDEF915F = { isa = PBXBuildFile; productRef = 2026EAEED7BB859FAAB5928C; };
955F9F0C8FDAC5A3A6F85125 = { isa = PBXFrameworksBuildPhase; buildActionMask = 2147483647; files = (E58189F87A102DD7DDEF915F); runOnlyForDeploymentPostprocessing = 0; };
1D7E7A11A1BD8EDD44E2A940 = { isa = PBXBuildFile; fileRef = A4CC6BC01A927E2A78FD3BEC; };
DB356C5D0F6A68BE35879693 = { isa = PBXBuildFile; fileRef = 795A02A63DC9C1E86758E98F; };
BBEF3264003A4719906734F5 = { isa = PBXResourcesBuildPhase; buildActionMask = 2147483647; files = (DB356C5D0F6A68BE35879693,1D7E7A11A1BD8EDD44E2A940); runOnlyForDeploymentPostprocessing = 0; };
BE6A87C7729739AA200C0265 = { isa = XCBuildConfiguration; name = Debug; buildSettings = { ONLY_ACTIVE_ARCH = YES; PRODUCT_NAME = "YTMDL-macOS"; PRODUCT_BUNDLE_IDENTIFIER = "org.ytmdl.player.macos"; ASSETCATALOG_COMPILER_APPICON_NAME = "AppIcon"; INFOPLIST_FILE = "Resources/Info.plist"; GENERATE_INFOPLIST_FILE = "NO"; SWIFT_VERSION = "6.0"; SDKROOT = "macosx"; CODE_SIGN_STYLE = "Automatic"; ENABLE_HARDENED_RUNTIME = "YES"; SWIFT_STRICT_CONCURRENCY = "complete"; SWIFT_EMIT_LOC_STRINGS = "YES"; CLANG_ENABLE_MODULES = "YES"; ASSETCATALOG_COMPILER_GENERATE_SWIFT_ASSET_SYMBOL_EXTENSIONS = "YES"; ENABLE_PREVIEWS = "YES"; SUPPORTED_PLATFORMS = "macosx"; MACOSX_DEPLOYMENT_TARGET = "27.0"; CODE_SIGN_ENTITLEMENTS = "Resources/Mac.entitlements"; SWIFT_ACTIVE_COMPILATION_CONDITIONS = "DEBUG"; SWIFT_OPTIMIZATION_LEVEL = "-Onone";}; };
27E33EC135389827111A8C10 = { isa = XCBuildConfiguration; name = Release; buildSettings = {PRODUCT_NAME = "YTMDL-macOS"; PRODUCT_BUNDLE_IDENTIFIER = "org.ytmdl.player.macos"; ASSETCATALOG_COMPILER_APPICON_NAME = "AppIcon"; INFOPLIST_FILE = "Resources/Info.plist"; GENERATE_INFOPLIST_FILE = "NO"; SWIFT_VERSION = "6.0"; SDKROOT = "macosx"; CODE_SIGN_STYLE = "Automatic"; ENABLE_HARDENED_RUNTIME = "YES"; SWIFT_STRICT_CONCURRENCY = "complete"; SWIFT_EMIT_LOC_STRINGS = "YES"; CLANG_ENABLE_MODULES = "YES"; ASSETCATALOG_COMPILER_GENERATE_SWIFT_ASSET_SYMBOL_EXTENSIONS = "YES"; ENABLE_PREVIEWS = "YES"; SUPPORTED_PLATFORMS = "macosx"; MACOSX_DEPLOYMENT_TARGET = "27.0"; CODE_SIGN_ENTITLEMENTS = "Resources/Mac.entitlements"; SWIFT_OPTIMIZATION_LEVEL = "-O"; SWIFT_COMPILATION_MODE = "wholemodule";}; };
49912F89F815548F83C1D02E = { isa = XCConfigurationList; buildConfigurations = (BE6A87C7729739AA200C0265,27E33EC135389827111A8C10); defaultConfigurationIsVisible = 0; defaultConfigurationName = Release; };
6948560BD467BB91C1B8E2DC = { isa = PBXNativeTarget; name = "YTMDL-macOS"; buildConfigurationList = 49912F89F815548F83C1D02E; buildPhases = (B7C1C2EC7D55F3E95325DAEC,955F9F0C8FDAC5A3A6F85125,BBEF3264003A4719906734F5); buildRules = (); dependencies = (); packageProductDependencies = (2026EAEED7BB859FAAB5928C); productName = "YTMDL-macOS"; productReference = 77EA0B24816ACD0A2B1DE171; productType = "com.apple.product-type.application"; };
989D52F3B24AC9572EA882DE = { isa = PBXFileReference; explicitFileType = wrapper.application; path = "YTMDL-tvOS.app"; sourceTree = BUILT_PRODUCTS_DIR; };
F72B174CFB5C86668E467F64 = { isa = PBXBuildFile; fileRef = 22867D679C598127733517DE; };
F123C30886C1CF80F8B064BD = { isa = PBXBuildFile; fileRef = 92BA7450AEBAE769EE19F1E5; };
7D0DDC9FA4EE135D764DD8B1 = { isa = PBXBuildFile; fileRef = 466ADF699CF18AC8FD831FE5; };
E512A19A66FC21DEBC3CB4FD = { isa = PBXBuildFile; fileRef = 26F271723529796094AFED26; };
4015E8410D3DE3F88A07AD49 = { isa = PBXBuildFile; fileRef = 34C7C1581C719F5B24F96895; };
0E1F2C4373164B62C6071F5C = { isa = PBXBuildFile; fileRef = 1FDF111DD19165151D6E559C; };
B67B2815F0A0D70340272EF4 = { isa = PBXBuildFile; fileRef = 37FC0B1AEC0AAD733B1AC3BC; };
493C332005B23F17AAA07E33 = { isa = PBXBuildFile; fileRef = 49B7F7E2E222CCAC6D10C153; };
D00217E11165330118520455 = { isa = PBXBuildFile; fileRef = E70CE7A1674858769B40B132; };
1BF361954388C413C97BBE49 = { isa = PBXBuildFile; fileRef = AC699F7E2CE7ABF0DB5A87F4; };
6060D08624F81844B6AB9D1D = { isa = PBXBuildFile; fileRef = BF71AE3927A3C6A766974B0C; };
C0E6143EAB83ED6062CC702A = { isa = PBXSourcesBuildPhase; buildActionMask = 2147483647; files = (370053F2180D8178DB2566AC,03CB90875A6675FC46C1BC71,13D200394C374D219A714F05,CAAE1DFC7BEDFB4368910AB9,740344E170374916D922B42E,A4269DC16ABCC34BA9870AFD,F72B174CFB5C86668E467F64,F123C30886C1CF80F8B064BD,7D0DDC9FA4EE135D764DD8B1,E512A19A66FC21DEBC3CB4FD,4015E8410D3DE3F88A07AD49,0E1F2C4373164B62C6071F5C,B67B2815F0A0D70340272EF4,493C332005B23F17AAA07E33,D00217E11165330118520455,1BF361954388C413C97BBE49,6060D08624F81844B6AB9D1D); runOnlyForDeploymentPostprocessing = 0; };
695DB994314AD04E9E7CAC5C = { isa = XCSwiftPackageProductDependency; package = BC4A71180870F7945155FBB0; productName = YTMDLCore; };
0B1B99EDD3C7937C96534355 = { isa = PBXBuildFile; productRef = 695DB994314AD04E9E7CAC5C; };
89225B6146058DB7B465FFA6 = { isa = PBXFrameworksBuildPhase; buildActionMask = 2147483647; files = (0B1B99EDD3C7937C96534355); runOnlyForDeploymentPostprocessing = 0; };
A37589A8546E455C4687AF83 = { isa = PBXBuildFile; fileRef = A4CC6BC01A927E2A78FD3BEC; };
19FDFE476B587F158BC17A1E = { isa = PBXBuildFile; fileRef = 795A02A63DC9C1E86758E98F; };
1C941AB748C2A7214E4FDA22 = { isa = PBXResourcesBuildPhase; buildActionMask = 2147483647; files = (19FDFE476B587F158BC17A1E,A37589A8546E455C4687AF83); runOnlyForDeploymentPostprocessing = 0; };
738FEE0B74B707E76CC95AF0 = { isa = XCBuildConfiguration; name = Debug; buildSettings = { ONLY_ACTIVE_ARCH = YES; PRODUCT_NAME = "YTMDL-tvOS"; PRODUCT_BUNDLE_IDENTIFIER = "org.ytmdl.player.tvos"; INFOPLIST_FILE = "Resources/Info.plist"; GENERATE_INFOPLIST_FILE = "NO"; SWIFT_VERSION = "6.0"; SDKROOT = "appletvos"; CODE_SIGN_STYLE = "Automatic"; ENABLE_HARDENED_RUNTIME = "YES"; SWIFT_STRICT_CONCURRENCY = "complete"; SWIFT_EMIT_LOC_STRINGS = "YES"; CLANG_ENABLE_MODULES = "YES"; ASSETCATALOG_COMPILER_GENERATE_SWIFT_ASSET_SYMBOL_EXTENSIONS = "YES"; ENABLE_PREVIEWS = "YES"; SUPPORTED_PLATFORMS = "appletvos appletvsimulator"; TVOS_DEPLOYMENT_TARGET = "27.0"; TARGETED_DEVICE_FAMILY = "3"; SWIFT_ACTIVE_COMPILATION_CONDITIONS = "DEBUG"; SWIFT_OPTIMIZATION_LEVEL = "-Onone";}; };
17130B87A34437A9EDE58F1E = { isa = XCBuildConfiguration; name = Release; buildSettings = {PRODUCT_NAME = "YTMDL-tvOS"; PRODUCT_BUNDLE_IDENTIFIER = "org.ytmdl.player.tvos"; INFOPLIST_FILE = "Resources/Info.plist"; GENERATE_INFOPLIST_FILE = "NO"; SWIFT_VERSION = "6.0"; SDKROOT = "appletvos"; CODE_SIGN_STYLE = "Automatic"; ENABLE_HARDENED_RUNTIME = "YES"; SWIFT_STRICT_CONCURRENCY = "complete"; SWIFT_EMIT_LOC_STRINGS = "YES"; CLANG_ENABLE_MODULES = "YES"; ASSETCATALOG_COMPILER_GENERATE_SWIFT_ASSET_SYMBOL_EXTENSIONS = "YES"; ENABLE_PREVIEWS = "YES"; SUPPORTED_PLATFORMS = "appletvos appletvsimulator"; TVOS_DEPLOYMENT_TARGET = "27.0"; TARGETED_DEVICE_FAMILY = "3"; SWIFT_OPTIMIZATION_LEVEL = "-O"; SWIFT_COMPILATION_MODE = "wholemodule";}; };
13E17DCD8A0E20D78B54B4E3 = { isa = XCConfigurationList; buildConfigurations = (738FEE0B74B707E76CC95AF0,17130B87A34437A9EDE58F1E); defaultConfigurationIsVisible = 0; defaultConfigurationName = Release; };
F7F96533830C31BC58F95937 = { isa = PBXNativeTarget; name = "YTMDL-tvOS"; buildConfigurationList = 13E17DCD8A0E20D78B54B4E3; buildPhases = (C0E6143EAB83ED6062CC702A,89225B6146058DB7B465FFA6,1C941AB748C2A7214E4FDA22); buildRules = (); dependencies = (); packageProductDependencies = (695DB994314AD04E9E7CAC5C); productName = "YTMDL-tvOS"; productReference = 989D52F3B24AC9572EA882DE; productType = "com.apple.product-type.application"; };
0A3E27B8CA818264D75C8D81 = { isa = PBXGroup; children = (35705B987FED4C9A217E2A90,77EA0B24816ACD0A2B1DE171,989D52F3B24AC9572EA882DE); name = Products; sourceTree = "<group>"; };
AD936FCBED631FA67E05C3EA = { isa = PBXGroup; children = (A2E2BE5DC234EDEF84F0449A,959F0760A1769DCCBCC71188,44F1ED98283B4B1382C7F401,744962DEE1B10000CF9856A6,EA291E2D1F369DCA8EFC62EF,620E6031BB7DD181812421A7,795A02A63DC9C1E86758E98F,83017580A16F5D627914990E,22867D679C598127733517DE,92BA7450AEBAE769EE19F1E5,466ADF699CF18AC8FD831FE5,26F271723529796094AFED26,34C7C1581C719F5B24F96895,AC699F7E2CE7ABF0DB5A87F4,E70CE7A1674858769B40B132,49B7F7E2E222CCAC6D10C153,37FC0B1AEC0AAD733B1AC3BC,1FDF111DD19165151D6E559C,BF71AE3927A3C6A766974B0C,A4CC6BC01A927E2A78FD3BEC,0A3E27B8CA818264D75C8D81); sourceTree = "<group>"; };
73EBF6644258C120893E685D = { isa = XCBuildConfiguration; name = Debug; buildSettings = { ONLY_ACTIVE_ARCH = YES;  }; };
0B0C687DF8B6B8DC790B519C = { isa = XCBuildConfiguration; name = Release; buildSettings = { }; };
76F8DEC3DFE0BDB465198890 = { isa = XCConfigurationList; buildConfigurations = (73EBF6644258C120893E685D,0B0C687DF8B6B8DC790B519C); defaultConfigurationIsVisible = 0; defaultConfigurationName = Release; };
244210E48437B6556980A702 = { isa = PBXProject; attributes = { LastUpgradeCheck = 2700; }; buildConfigurationList = 76F8DEC3DFE0BDB465198890; compatibilityVersion = "Xcode 14.0"; developmentRegion = de; hasScannedForEncodings = 0; knownRegions = (de,Base); mainGroup = AD936FCBED631FA67E05C3EA; productRefGroup = 0A3E27B8CA818264D75C8D81; projectDirPath = ""; projectRoot = ""; packageReferences = (BC4A71180870F7945155FBB0); targets = (E13BD128750032B476DC6A25,478A65574EB4700334FE3D36,3D03E734655F7F2EBA72DE54,6948560BD467BB91C1B8E2DC,F7F96533830C31BC58F95937); };
83017580A16F5D627914990E = { isa = PBXFileReference; lastKnownFileType = sourcecode.swift; path = UITests/PlayerUITests.swift; sourceTree = "<group>"; };
40CF946060E0B2175C9A02B4 = { isa = PBXFileReference; explicitFileType = wrapper.cfbundle; path = "YTMDLUITests-iOS.xctest"; sourceTree = BUILT_PRODUCTS_DIR; };
1664A701CD3921A5D0DE1629 = { isa = PBXBuildFile; fileRef = 83017580A16F5D627914990E; };
84E76886B316644799C32A52 = { isa = PBXSourcesBuildPhase; buildActionMask = 2147483647; files = (1664A701CD3921A5D0DE1629); runOnlyForDeploymentPostprocessing = 0; };
0DA9F4D328CA263224CCDD7E = { isa = PBXContainerItemProxy; containerPortal = 244210E48437B6556980A702; proxyType = 1; remoteGlobalIDString = 3D03E734655F7F2EBA72DE54; remoteInfo = "YTMDL-iOS"; };
AD5B5C6A34BA878A6DB68DE4 = { isa = PBXTargetDependency; target = 3D03E734655F7F2EBA72DE54; targetProxy = 0DA9F4D328CA263224CCDD7E; };
78F11EB6FE50B8828C9212F6 = { isa = XCBuildConfiguration; name = Debug; buildSettings = { ONLY_ACTIVE_ARCH = YES; PRODUCT_NAME = "YTMDLUITests-iOS"; PRODUCT_BUNDLE_IDENTIFIER = "org.ytmdl.player.ios.uitests"; GENERATE_INFOPLIST_FILE = "YES"; SWIFT_VERSION = "6.0"; SDKROOT = "iphoneos"; CODE_SIGN_STYLE = "Automatic"; TEST_TARGET_NAME = "YTMDL-iOS"; TARGETED_DEVICE_FAMILY = "1,2"; SWIFT_OPTIMIZATION_LEVEL = "-Onone"; IPHONEOS_DEPLOYMENT_TARGET = "27.0";}; };
0565B9DB8B874645CADAD2B0 = { isa = XCBuildConfiguration; name = Release; buildSettings = {PRODUCT_NAME = "YTMDLUITests-iOS"; PRODUCT_BUNDLE_IDENTIFIER = "org.ytmdl.player.ios.uitests"; GENERATE_INFOPLIST_FILE = "YES"; SWIFT_VERSION = "6.0"; SDKROOT = "iphoneos"; CODE_SIGN_STYLE = "Automatic"; TEST_TARGET_NAME = "YTMDL-iOS"; TARGETED_DEVICE_FAMILY = "1,2"; SWIFT_OPTIMIZATION_LEVEL = "-Onone"; IPHONEOS_DEPLOYMENT_TARGET = "27.0";}; };
5F69BEC1A235F174C3114415 = { isa = XCConfigurationList; buildConfigurations = (78F11EB6FE50B8828C9212F6,0565B9DB8B874645CADAD2B0); defaultConfigurationIsVisible = 0; defaultConfigurationName = Debug; };
478A65574EB4700334FE3D36 = { isa = PBXNativeTarget; name = "YTMDLUITests-iOS"; buildConfigurationList = 5F69BEC1A235F174C3114415; buildPhases = (84E76886B316644799C32A52); buildRules = (); dependencies = (AD5B5C6A34BA878A6DB68DE4); productName = "YTMDLUITests-iOS"; productReference = 40CF946060E0B2175C9A02B4; productType = "com.apple.product-type.bundle.ui-testing"; };
14ACC189652069D61157EE9C = { isa = PBXFileReference; explicitFileType = wrapper.cfbundle; path = "YTMDLUITests-tvOS.xctest"; sourceTree = BUILT_PRODUCTS_DIR; };
7017F58BF6AA8A3B05C946D4 = { isa = PBXBuildFile; fileRef = 83017580A16F5D627914990E; };
1A495F357B9E27B9D2D8FD76 = { isa = PBXSourcesBuildPhase; buildActionMask = 2147483647; files = (7017F58BF6AA8A3B05C946D4); runOnlyForDeploymentPostprocessing = 0; };
320FFDA970AE348880F90611 = { isa = PBXContainerItemProxy; containerPortal = 244210E48437B6556980A702; proxyType = 1; remoteGlobalIDString = F7F96533830C31BC58F95937; remoteInfo = "YTMDL-tvOS"; };
430A42EA554D1E8E2A9BDE0A = { isa = PBXTargetDependency; target = F7F96533830C31BC58F95937; targetProxy = 320FFDA970AE348880F90611; };
52D3B2551CC69AC4344E4CDB = { isa = XCBuildConfiguration; name = Debug; buildSettings = { ONLY_ACTIVE_ARCH = YES; PRODUCT_NAME = "YTMDLUITests-tvOS"; PRODUCT_BUNDLE_IDENTIFIER = "org.ytmdl.player.tvos.uitests"; GENERATE_INFOPLIST_FILE = "YES"; SWIFT_VERSION = "6.0"; SDKROOT = "appletvos"; CODE_SIGN_STYLE = "Automatic"; TEST_TARGET_NAME = "YTMDL-tvOS"; TARGETED_DEVICE_FAMILY = "3"; SWIFT_OPTIMIZATION_LEVEL = "-Onone"; TVOS_DEPLOYMENT_TARGET = "27.0";}; };
443A87FFB38838998B5C96C5 = { isa = XCBuildConfiguration; name = Release; buildSettings = {PRODUCT_NAME = "YTMDLUITests-tvOS"; PRODUCT_BUNDLE_IDENTIFIER = "org.ytmdl.player.tvos.uitests"; GENERATE_INFOPLIST_FILE = "YES"; SWIFT_VERSION = "6.0"; SDKROOT = "appletvos"; CODE_SIGN_STYLE = "Automatic"; TEST_TARGET_NAME = "YTMDL-tvOS"; TARGETED_DEVICE_FAMILY = "3"; SWIFT_OPTIMIZATION_LEVEL = "-Onone"; TVOS_DEPLOYMENT_TARGET = "27.0";}; };
AC6D35FEE219C4874740DB55 = { isa = XCConfigurationList; buildConfigurations = (52D3B2551CC69AC4344E4CDB,443A87FFB38838998B5C96C5); defaultConfigurationIsVisible = 0; defaultConfigurationName = Debug; };
E13BD128750032B476DC6A25 = { isa = PBXNativeTarget; name = "YTMDLUITests-tvOS"; buildConfigurationList = AC6D35FEE219C4874740DB55; buildPhases = (1A495F357B9E27B9D2D8FD76); buildRules = (); dependencies = (430A42EA554D1E8E2A9BDE0A); productName = "YTMDLUITests-tvOS"; productReference = 14ACC189652069D61157EE9C; productType = "com.apple.product-type.bundle.ui-testing"; };
}; rootObject = 244210E48437B6556980A702; }
